<Solution>
  <Folder Name="/Solution Items/">
    <File Path=".editorconfig" />
    <File Path=".gitignore" />
    <File Path="LICENSE.md" />
    <File Path="README.md" />
  </Folder>
  <Folder Name="/src/">
    <Project Path="src/Application/Application.csproj" />
    <Project Path="src/Core/Core.csproj" Id="7e286d0c-ed0e-4b97-941f-a63efbe68543" />
    <Project Path="src/Infrastructure/Infrastructure.csproj" Id="b2505142-e45b-45b9-a78c-57168215fcee" />
    <Project Path="src/Presentation/Presentation.csproj" />
  </Folder>
  <Folder Name="/tests/" />
</Solution>
